// !$*UTF8*$!
{
	archiveVersion = 1;
	classes = {
	};
	objectVersion = 51;
	objects = {

/* Begin PBXBuildFile section */
		5D1A3B2B247D311100D3FECD /* ExampleCell.xib in Resources */ = {isa = PBXBuildFile; fileRef = 5D1A3B2A247D311100D3FECD /* ExampleCell.xib */; };
		5D1A3B2D247D32ED00D3FECD /* CustomExampleCell.swift in Sources */ = {isa = PBXBuildFile; fileRef = 5D1A3B2C247D32ED00D3FECD /* CustomExampleCell.swift */; };
		5D301EEA24793CFA004472CF /* InvoiceCell.xib in Resources */ = {isa = PBXBuildFile; fileRef = 5D301EE924793CFA004472CF /* InvoiceCell.xib */; };
		5D301EEC247942F9004472CF /* DepositViewController.swift in Sources */ = {isa = PBXBuildFile; fileRef = 5D301EEB247942F9004472CF /* DepositViewController.swift */; };
		5D301EEE24794314004472CF /* TransferViewController.swift in Sources */ = {isa = PBXBuildFile; fileRef = 5D301EED24794314004472CF /* TransferViewController.swift */; };
		5D301EF024794327004472CF /* PayViewController.swift in Sources */ = {isa = PBXBuildFile; fileRef = 5D301EEF24794327004472CF /* PayViewController.swift */; };
		5D301EF22479434D004472CF /* DateChooseViewController.swift in Sources */ = {isa = PBXBuildFile; fileRef = 5D301EF12479434D004472CF /* DateChooseViewController.swift */; };
		5D301EF424794365004472CF /* InvoiceTableViewController.swift in Sources */ = {isa = PBXBuildFile; fileRef = 5D301EF324794365004472CF /* InvoiceTableViewController.swift */; };
		5D301EF624794399004472CF /* SampleViewController.swift in Sources */ = {isa = PBXBuildFile; fileRef = 5D301EF524794399004472CF /* SampleViewController.swift */; };
		5D301EF8247943F9004472CF /* CustomInvoiceCell.swift in Sources */ = {isa = PBXBuildFile; fileRef = 5D301EF7247943F9004472CF /* CustomInvoiceCell.swift */; };
		5D301EFA24795468004472CF /* EditProfileViewController.swift in Sources */ = {isa = PBXBuildFile; fileRef = 5D301EF924795468004472CF /* EditProfileViewController.swift */; };
		5D301F04247975D1004472CF /* AccountCell.xib in Resources */ = {isa = PBXBuildFile; fileRef = 5D301F03247975D1004472CF /* AccountCell.xib */; };
		5D301F062479760F004472CF /* CustomAccountCell.swift in Sources */ = {isa = PBXBuildFile; fileRef = 5D301F052479760F004472CF /* CustomAccountCell.swift */; };
		5D301F082479808F004472CF /* ChooseSampleViewController.swift in Sources */ = {isa = PBXBuildFile; fileRef = 5D301F072479808F004472CF /* ChooseSampleViewController.swift */; };
		5D301F0A24798468004472CF /* OpenNewAccountViewController.swift in Sources */ = {isa = PBXBuildFile; fileRef = 5D301F0924798468004472CF /* OpenNewAccountViewController.swift */; };
		5DB91E182483EA0100A58E54 /* UIViewControllerExtension.swift in Sources */ = {isa = PBXBuildFile; fileRef = 5DB91E172483EA0100A58E54 /* UIViewControllerExtension.swift */; };
		5DB91E1A248426D400A58E54 /* SampleItem.swift in Sources */ = {isa = PBXBuildFile; fileRef = 5DB91E19248426D400A58E54 /* SampleItem.swift */; };
		5DC3F5932477D555003A4AF1 /* AppDelegate.swift in Sources */ = {isa = PBXBuildFile; fileRef = 5DC3F5922477D555003A4AF1 /* AppDelegate.swift */; };
		5DC3F5952477D555003A4AF1 /* SceneDelegate.swift in Sources */ = {isa = PBXBuildFile; fileRef = 5DC3F5942477D555003A4AF1 /* SceneDelegate.swift */; };
		5DC3F5972477D555003A4AF1 /* ViewController.swift in Sources */ = {isa = PBXBuildFile; fileRef = 5DC3F5962477D555003A4AF1 /* ViewController.swift */; };
		5DC3F59A2477D555003A4AF1 /* Main.storyboard in Resources */ = {isa = PBXBuildFile; fileRef = 5DC3F5982477D555003A4AF1 /* Main.storyboard */; };
		5DC3F59D2477D555003A4AF1 /* ModulBankApp.xcdatamodeld in Sources */ = {isa = PBXBuildFile; fileRef = 5DC3F59B2477D555003A4AF1 /* ModulBankApp.xcdatamodeld */; };
		5DC3F59F2477D558003A4AF1 /* Assets.xcassets in Resources */ = {isa = PBXBuildFile; fileRef = 5DC3F59E2477D558003A4AF1 /* Assets.xcassets */; };
		5DC3F5A22477D558003A4AF1 /* LaunchScreen.storyboard in Resources */ = {isa = PBXBuildFile; fileRef = 5DC3F5A02477D558003A4AF1 /* LaunchScreen.storyboard */; };
		5DC3F5AD247806E5003A4AF1 /* User.swift in Sources */ = {isa = PBXBuildFile; fileRef = 5DC3F5AC247806E5003A4AF1 /* User.swift */; };
		5DC3F5AF247806F5003A4AF1 /* Account.swift in Sources */ = {isa = PBXBuildFile; fileRef = 5DC3F5AE247806F5003A4AF1 /* Account.swift */; };
		5DC3F5B124780707003A4AF1 /* HomeViewController.swift in Sources */ = {isa = PBXBuildFile; fileRef = 5DC3F5B024780707003A4AF1 /* HomeViewController.swift */; };
		5DC3F5B324780724003A4AF1 /* AcountViewController.swift in Sources */ = {isa = PBXBuildFile; fileRef = 5DC3F5B224780724003A4AF1 /* AcountViewController.swift */; };
		5DC3F5B52478073F003A4AF1 /* SignupViewController.swift in Sources */ = {isa = PBXBuildFile; fileRef = 5DC3F5B42478073F003A4AF1 /* SignupViewController.swift */; };
		5DC3F5B724780750003A4AF1 /* LoginViewController.swift in Sources */ = {isa = PBXBuildFile; fileRef = 5DC3F5B624780750003A4AF1 /* LoginViewController.swift */; };
		5DCCA6BC247F0EBC00A56E5B /* UserService.swift in Sources */ = {isa = PBXBuildFile; fileRef = 5DCCA6BB247F0EBC00A56E5B /* UserService.swift */; };
		5DCCA6BE247F295A00A56E5B /* AccountService.swift in Sources */ = {isa = PBXBuildFile; fileRef = 5DCCA6BD247F295A00A56E5B /* AccountService.swift */; };
		5DDA5CEC24786B1900D5D912 /* PickerDelegates.swift in Sources */ = {isa = PBXBuildFile; fileRef = 5DDA5CEB24786B1900D5D912 /* PickerDelegates.swift */; };
		5DF6323B2481A7940043A2FD /* AccountDetailsViewController.swift in Sources */ = {isa = PBXBuildFile; fileRef = 5DF6323A2481A7940043A2FD /* AccountDetailsViewController.swift */; };
		5DF6323D2481BF8D0043A2FD /* HistoryItem.swift in Sources */ = {isa = PBXBuildFile; fileRef = 5DF6323C2481BF8D0043A2FD /* HistoryItem.swift */; };
		9A90187818E5628352A6F9A0 /* Pods_ModulBankApp.framework in Frameworks */ = {isa = PBXBuildFile; fileRef = C79FF5B0507CFF65B755EDCE /* Pods_ModulBankApp.framework */; };
/* End PBXBuildFile section */

/* Begin PBXFileReference section */
		5D1A3B2A247D311100D3FECD /* ExampleCell.xib */ = {isa = PBXFileReference; lastKnownFileType = file.xib; path = ExampleCell.xib; sourceTree = "<group>"; };
		5D1A3B2C247D32ED00D3FECD /* CustomExampleCell.swift */ = {isa = PBXFileReference; lastKnownFileType = sourcecode.swift; path = CustomExampleCell.swift; sourceTree = "<group>"; };
		5D301EE924793CFA004472CF /* InvoiceCell.xib */ = {isa = PBXFileReference; lastKnownFileType = file.xib; path = InvoiceCell.xib; sourceTree = "<group>"; };
		5D301EEB247942F9004472CF /* DepositViewController.swift */ = {isa = PBXFileReference; lastKnownFileType = sourcecode.swift; path = DepositViewController.swift; sourceTree = "<group>"; };
		5D301EED24794314004472CF /* TransferViewController.swift */ = {isa = PBXFileReference; lastKnownFileType = sourcecode.swift; path = TransferViewController.swift; sourceTree = "<group>"; };
		5D301EEF24794327004472CF /* PayViewController.swift */ = {isa = PBXFileReference; lastKnownFileType = sourcecode.swift; path = PayViewController.swift; sourceTree = "<group>"; };
		5D301EF12479434D004472CF /* DateChooseViewController.swift */ = {isa = PBXFileReference; lastKnownFileType = sourcecode.swift; path = DateChooseViewController.swift; sourceTree = "<group>"; };
		5D301EF324794365004472CF /* InvoiceTableViewController.swift */ = {isa = PBXFileReference; lastKnownFileType = sourcecode.swift; path = InvoiceTableViewController.swift; sourceTree = "<group>"; };
		5D301EF524794399004472CF /* SampleViewController.swift */ = {isa = PBXFileReference; lastKnownFileType = sourcecode.swift; path = SampleViewController.swift; sourceTree = "<group>"; };
		5D301EF7247943F9004472CF /* CustomInvoiceCell.swift */ = {isa = PBXFileReference; lastKnownFileType = sourcecode.swift; path = CustomInvoiceCell.swift; sourceTree = "<group>"; };
		5D301EF924795468004472CF /* EditProfileViewController.swift */ = {isa = PBXFileReference; lastKnownFileType = sourcecode.swift; path = EditProfileViewController.swift; sourceTree = "<group>"; };
		5D301F03247975D1004472CF /* AccountCell.xib */ = {isa = PBXFileReference; lastKnownFileType = file.xib; path = AccountCell.xib; sourceTree = "<group>"; };
		5D301F052479760F004472CF /* CustomAccountCell.swift */ = {isa = PBXFileReference; lastKnownFileType = sourcecode.swift; path = CustomAccountCell.swift; sourceTree = "<group>"; };
		5D301F072479808F004472CF /* ChooseSampleViewController.swift */ = {isa = PBXFileReference; lastKnownFileType = sourcecode.swift; path = ChooseSampleViewController.swift; sourceTree = "<group>"; };
		5D301F0924798468004472CF /* OpenNewAccountViewController.swift */ = {isa = PBXFileReference; lastKnownFileType = sourcecode.swift; path = OpenNewAccountViewController.swift; sourceTree = "<group>"; };
		5DB91E172483EA0100A58E54 /* UIViewControllerExtension.swift */ = {isa = PBXFileReference; lastKnownFileType = sourcecode.swift; path = UIViewControllerExtension.swift; sourceTree = "<group>"; };
		5DB91E19248426D400A58E54 /* SampleItem.swift */ = {isa = PBXFileReference; lastKnownFileType = sourcecode.swift; path = SampleItem.swift; sourceTree = "<group>"; };
		5DC3F58F2477D555003A4AF1 /* ModulBankApp.app */ = {isa = PBXFileReference; explicitFileType = wrapper.application; includeInIndex = 0; path = ModulBankApp.app; sourceTree = BUILT_PRODUCTS_DIR; };
		5DC3F5922477D555003A4AF1 /* AppDelegate.swift */ = {isa = PBXFileReference; lastKnownFileType = sourcecode.swift; path = AppDelegate.swift; sourceTree = "<group>"; };
		5DC3F5942477D555003A4AF1 /* SceneDelegate.swift */ = {isa = PBXFileReference; lastKnownFileType = sourcecode.swift; path = SceneDelegate.swift; sourceTree = "<group>"; };
		5DC3F5962477D555003A4AF1 /* ViewController.swift */ = {isa = PBXFileReference; lastKnownFileType = sourcecode.swift; path = ViewController.swift; sourceTree = "<group>"; };
		5DC3F5992477D555003A4AF1 /* Base */ = {isa = PBXFileReference; lastKnownFileType = file.storyboard; name = Base; path = Base.lproj/Main.storyboard; sourceTree = "<group>"; };
		5DC3F59C2477D555003A4AF1 /* ModulBankApp.xcdatamodel */ = {isa = PBXFileReference; lastKnownFileType = wrapper.xcdatamodel; path = ModulBankApp.xcdatamodel; sourceTree = "<group>"; };
		5DC3F59E2477D558003A4AF1 /* Assets.xcassets */ = {isa = PBXFileReference; lastKnownFileType = folder.assetcatalog; path = Assets.xcassets; sourceTree = "<group>"; };
		5DC3F5A12477D558003A4AF1 /* Base */ = {isa = PBXFileReference; lastKnownFileType = file.storyboard; name = Base; path = Base.lproj/LaunchScreen.storyboard; sourceTree = "<group>"; };
		5DC3F5A32477D558003A4AF1 /* Info.plist */ = {isa = PBXFileReference; lastKnownFileType = text.plist.xml; path = Info.plist; sourceTree = "<group>"; };
		5DC3F5AC247806E5003A4AF1 /* User.swift */ = {isa = PBXFileReference; lastKnownFileType = sourcecode.swift; path = User.swift; sourceTree = "<group>"; };
		5DC3F5AE247806F5003A4AF1 /* Account.swift */ = {isa = PBXFileReference; lastKnownFileType = sourcecode.swift; path = Account.swift; sourceTree = "<group>"; };
		5DC3F5B024780707003A4AF1 /* HomeViewController.swift */ = {isa = PBXFileReference; lastKnownFileType = sourcecode.swift; path = HomeViewController.swift; sourceTree = "<group>"; };
		5DC3F5B224780724003A4AF1 /* AcountViewController.swift */ = {isa = PBXFileReference; lastKnownFileType = sourcecode.swift; path = AcountViewController.swift; sourceTree = "<group>"; };
		5DC3F5B42478073F003A4AF1 /* SignupViewController.swift */ = {isa = PBXFileReference; lastKnownFileType = sourcecode.swift; path = SignupViewController.swift; sourceTree = "<group>"; };
		5DC3F5B624780750003A4AF1 /* LoginViewController.swift */ = {isa = PBXFileReference; lastKnownFileType = sourcecode.swift; path = LoginViewController.swift; sourceTree = "<group>"; };
		5DCCA6BB247F0EBC00A56E5B /* UserService.swift */ = {isa = PBXFileReference; lastKnownFileType = sourcecode.swift; path = UserService.swift; sourceTree = "<group>"; };
		5DCCA6BD247F295A00A56E5B /* AccountService.swift */ = {isa = PBXFileReference; lastKnownFileType = sourcecode.swift; path = AccountService.swift; sourceTree = "<group>"; };
		5DDA5CEB24786B1900D5D912 /* PickerDelegates.swift */ = {isa = PBXFileReference; lastKnownFileType = sourcecode.swift; path = PickerDelegates.swift; sourceTree = "<group>"; };
		5DF6323A2481A7940043A2FD /* AccountDetailsViewController.swift */ = {isa = PBXFileReference; lastKnownFileType = sourcecode.swift; path = AccountDetailsViewController.swift; sourceTree = "<group>"; };
		5DF6323C2481BF8D0043A2FD /* HistoryItem.swift */ = {isa = PBXFileReference; lastKnownFileType = sourcecode.swift; path = HistoryItem.swift; sourceTree = "<group>"; };
		632A01C7326476F242F5A8A8 /* Pods-ModulBankApp.debug.xcconfig */ = {isa = PBXFileReference; includeInIndex = 1; lastKnownFileType = text.xcconfig; name = "Pods-ModulBankApp.debug.xcconfig"; path = "Target Support Files/Pods-ModulBankApp/Pods-ModulBankApp.debug.xcconfig"; sourceTree = "<group>"; };
		B02D29B4FAAC59AF8B335EE5 /* Pods-ModulBankApp.release.xcconfig */ = {isa = PBXFileReference; includeInIndex = 1; lastKnownFileType = text.xcconfig; name = "Pods-ModulBankApp.release.xcconfig"; path = "Target Support Files/Pods-ModulBankApp/Pods-ModulBankApp.release.xcconfig"; sourceTree = "<group>"; };
		C79FF5B0507CFF65B755EDCE /* Pods_ModulBankApp.framework */ = {isa = PBXFileReference; explicitFileType = wrapper.framework; includeInIndex = 0; path = Pods_ModulBankApp.framework; sourceTree = BUILT_PRODUCTS_DIR; };
/* End PBXFileReference section */

/* Begin PBXFrameworksBuildPhase section */
		5DC3F58C2477D555003A4AF1 /* Frameworks */ = {
			isa = PBXFrameworksBuildPhase;
			buildActionMask = 2147483647;
			files = (
				9A90187818E5628352A6F9A0 /* Pods_ModulBankApp.framework in Frameworks */,
			);
			runOnlyForDeploymentPostprocessing = 0;
		};
/* End PBXFrameworksBuildPhase section */

/* Begin PBXGroup section */
		5353869AF9378A024B5706DA /* Pods */ = {
			isa = PBXGroup;
			children = (
				632A01C7326476F242F5A8A8 /* Pods-ModulBankApp.debug.xcconfig */,
				B02D29B4FAAC59AF8B335EE5 /* Pods-ModulBankApp.release.xcconfig */,
			);
			path = Pods;
			sourceTree = "<group>";
		};
		5DB91E162483E9A500A58E54 /* Extension */ = {
			isa = PBXGroup;
			children = (
				5DB91E172483EA0100A58E54 /* UIViewControllerExtension.swift */,
			);
			path = Extension;
			sourceTree = "<group>";
		};
		5DC3F5862477D555003A4AF1 = {
			isa = PBXGroup;
			children = (
				5DC3F5912477D555003A4AF1 /* ModulBankApp */,
				5DC3F5902477D555003A4AF1 /* Products */,
				5353869AF9378A024B5706DA /* Pods */,
				CA59CC2BCD81A205BBF29540 /* Frameworks */,
			);
			sourceTree = "<group>";
		};
		5DC3F5902477D555003A4AF1 /* Products */ = {
			isa = PBXGroup;
			children = (
				5DC3F58F2477D555003A4AF1 /* ModulBankApp.app */,
			);
			name = Products;
			sourceTree = "<group>";
		};
		5DC3F5912477D555003A4AF1 /* ModulBankApp */ = {
			isa = PBXGroup;
			children = (
				5DB91E162483E9A500A58E54 /* Extension */,
				5DCCA6BA247F0E9A00A56E5B /* Service */,
				5DC3F5AB2478069C003A4AF1 /* Controller */,
				5DC3F5AA24780694003A4AF1 /* Model */,
				5DC3F5A924780687003A4AF1 /* View */,
				5DC3F5922477D555003A4AF1 /* AppDelegate.swift */,
				5DC3F5942477D555003A4AF1 /* SceneDelegate.swift */,
				5DC3F5A32477D558003A4AF1 /* Info.plist */,
				5DC3F59B2477D555003A4AF1 /* ModulBankApp.xcdatamodeld */,
			);
			path = ModulBankApp;
			sourceTree = "<group>";
		};
		5DC3F5A924780687003A4AF1 /* View */ = {
			isa = PBXGroup;
			children = (
				5DC3F5A02477D558003A4AF1 /* LaunchScreen.storyboard */,
				5DC3F59E2477D558003A4AF1 /* Assets.xcassets */,
				5DC3F5982477D555003A4AF1 /* Main.storyboard */,
				5D301EE924793CFA004472CF /* InvoiceCell.xib */,
				5D301F03247975D1004472CF /* AccountCell.xib */,
				5D1A3B2A247D311100D3FECD /* ExampleCell.xib */,
			);
			path = View;
			sourceTree = "<group>";
		};
		5DC3F5AA24780694003A4AF1 /* Model */ = {
			isa = PBXGroup;
			children = (
				5DC3F5AC247806E5003A4AF1 /* User.swift */,
				5DC3F5AE247806F5003A4AF1 /* Account.swift */,
				5DDA5CEB24786B1900D5D912 /* PickerDelegates.swift */,
				5D301EF7247943F9004472CF /* CustomInvoiceCell.swift */,
				5D301F052479760F004472CF /* CustomAccountCell.swift */,
				5D1A3B2C247D32ED00D3FECD /* CustomExampleCell.swift */,
				5DF6323C2481BF8D0043A2FD /* HistoryItem.swift */,
				5DB91E19248426D400A58E54 /* SampleItem.swift */,
			);
			path = Model;
			sourceTree = "<group>";
		};
		5DC3F5AB2478069C003A4AF1 /* Controller */ = {
			isa = PBXGroup;
			children = (
				5DC3F5962477D555003A4AF1 /* ViewController.swift */,
				5DC3F5B024780707003A4AF1 /* HomeViewController.swift */,
				5DC3F5B224780724003A4AF1 /* AcountViewController.swift */,
				5DC3F5B42478073F003A4AF1 /* SignupViewController.swift */,
				5DC3F5B624780750003A4AF1 /* LoginViewController.swift */,
				5D301EEB247942F9004472CF /* DepositViewController.swift */,
				5D301EED24794314004472CF /* TransferViewController.swift */,
				5D301EEF24794327004472CF /* PayViewController.swift */,
				5D301EF12479434D004472CF /* DateChooseViewController.swift */,
				5D301EF324794365004472CF /* InvoiceTableViewController.swift */,
				5D301EF524794399004472CF /* SampleViewController.swift */,
				5D301EF924795468004472CF /* EditProfileViewController.swift */,
				5D301F072479808F004472CF /* ChooseSampleViewController.swift */,
				5D301F0924798468004472CF /* OpenNewAccountViewController.swift */,
				5DF6323A2481A7940043A2FD /* AccountDetailsViewController.swift */,
			);
			path = Controller;
			sourceTree = "<group>";
		};
		5DCCA6BA247F0E9A00A56E5B /* Service */ = {
			isa = PBXGroup;
			children = (
				5DCCA6BB247F0EBC00A56E5B /* UserService.swift */,
				5DCCA6BD247F295A00A56E5B /* AccountService.swift */,
			);
			path = Service;
			sourceTree = "<group>";
		};
		CA59CC2BCD81A205BBF29540 /* Frameworks */ = {
			isa = PBXGroup;
			children = (
				C79FF5B0507CFF65B755EDCE /* Pods_ModulBankApp.framework */,
			);
			name = Frameworks;
			sourceTree = "<group>";
		};
/* End PBXGroup section */

/* Begin PBXNativeTarget section */
		5DC3F58E2477D555003A4AF1 /* ModulBankApp */ = {
			isa = PBXNativeTarget;
			buildConfigurationList = 5DC3F5A62477D558003A4AF1 /* Build configuration list for PBXNativeTarget "ModulBankApp" */;
			buildPhases = (
				1A272A49504445607B976E8B /* [CP] Check Pods Manifest.lock */,
				5DC3F58B2477D555003A4AF1 /* Sources */,
				5DC3F58C2477D555003A4AF1 /* Frameworks */,
				5DC3F58D2477D555003A4AF1 /* Resources */,
				57928492F25C78A7D65BB6C9 /* [CP] Embed Pods Frameworks */,
			);
			buildRules = (
			);
			dependencies = (
			);
			name = ModulBankApp;
			productName = ModulBankApp;
			productReference = 5DC3F58F2477D555003A4AF1 /* ModulBankApp.app */;
			productType = "com.apple.product-type.application";
		};
/* End PBXNativeTarget section */

/* Begin PBXProject section */
		5DC3F5872477D555003A4AF1 /* Project object */ = {
			isa = PBXProject;
			attributes = {
				LastSwiftUpdateCheck = 1140;
				LastUpgradeCheck = 1140;
				ORGANIZATIONNAME = "Anna Melkhova";
				TargetAttributes = {
					5DC3F58E2477D555003A4AF1 = {
						CreatedOnToolsVersion = 11.4;
					};
				};
			};
			buildConfigurationList = 5DC3F58A2477D555003A4AF1 /* Build configuration list for PBXProject "ModulBankApp" */;
			compatibilityVersion = "Xcode 9.3";
			developmentRegion = en;
			hasScannedForEncodings = 0;
			knownRegions = (
				en,
				Base,
			);
			mainGroup = 5DC3F5862477D555003A4AF1;
			productRefGroup = 5DC3F5902477D555003A4AF1 /* Products */;
			projectDirPath = "";
			projectRoot = "";
			targets = (
				5DC3F58E2477D555003A4AF1 /* ModulBankApp */,
			);
		};
/* End PBXProject section */

/* Begin PBXResourcesBuildPhase section */
		5DC3F58D2477D555003A4AF1 /* Resources */ = {
			isa = PBXResourcesBuildPhase;
			buildActionMask = 2147483647;
			files = (
				5DC3F5A22477D558003A4AF1 /* LaunchScreen.storyboard in Resources */,
				5D301F04247975D1004472CF /* AccountCell.xib in Resources */,
				5D301EEA24793CFA004472CF /* InvoiceCell.xib in Resources */,
				5DC3F59F2477D558003A4AF1 /* Assets.xcassets in Resources */,
				5D1A3B2B247D311100D3FECD /* ExampleCell.xib in Resources */,
				5DC3F59A2477D555003A4AF1 /* Main.storyboard in Resources */,
			);
			runOnlyForDeploymentPostprocessing = 0;
		};
/* End PBXResourcesBuildPhase section */

/* Begin PBXShellScriptBuildPhase section */
		1A272A49504445607B976E8B /* [CP] Check Pods Manifest.lock */ = {
			isa = PBXShellScriptBuildPhase;
			buildActionMask = 2147483647;
			files = (
			);
			inputFileListPaths = (
			);
			inputPaths = (
				"${PODS_PODFILE_DIR_PATH}/Podfile.lock",
				"${PODS_ROOT}/Manifest.lock",
			);
			name = "[CP] Check Pods Manifest.lock";
			outputFileListPaths = (
			);
			outputPaths = (
				"$(DERIVED_FILE_DIR)/Pods-ModulBankApp-checkManifestLockResult.txt",
			);
			runOnlyForDeploymentPostprocessing = 0;
			shellPath = /bin/sh;
			shellScript = "diff \"${PODS_PODFILE_DIR_PATH}/Podfile.lock\" \"${PODS_ROOT}/Manifest.lock\" > /dev/null\nif [ $? != 0 ] ; then\n    # print error to STDERR\n    echo \"error: The sandbox is not in sync with the Podfile.lock. Run 'pod install' or update your CocoaPods installation.\" >&2\n    exit 1\nfi\n# This output is used by Xcode 'outputs' to avoid re-running this script phase.\necho \"SUCCESS\" > \"${SCRIPT_OUTPUT_FILE_0}\"\n";
			showEnvVarsInLog = 0;
		};
		57928492F25C78A7D65BB6C9 /* [CP] Embed Pods Frameworks */ = {
			isa = PBXShellScriptBuildPhase;
			buildActionMask = 2147483647;
			files = (
			);
			inputFileListPaths = (
				"${PODS_ROOT}/Target Support Files/Pods-ModulBankApp/Pods-ModulBankApp-frameworks-${CONFIGURATION}-input-files.xcfilelist",
			);
			name = "[CP] Embed Pods Frameworks";
			outputFileListPaths = (
				"${PODS_ROOT}/Target Support Files/Pods-ModulBankApp/Pods-ModulBankApp-frameworks-${CONFIGURATION}-output-files.xcfilelist",
			);
			runOnlyForDeploymentPostprocessing = 0;
			shellPath = /bin/sh;
			shellScript = "\"${PODS_ROOT}/Target Support Files/Pods-ModulBankApp/Pods-ModulBankApp-frameworks.sh\"\n";
			showEnvVarsInLog = 0;
		};
/* End PBXShellScriptBuildPhase section */

/* Begin PBXSourcesBuildPhase section */
		5DC3F58B2477D555003A4AF1 /* Sources */ = {
			isa = PBXSourcesBuildPhase;
			buildActionMask = 2147483647;
			files = (
				5D301EEE24794314004472CF /* TransferViewController.swift in Sources */,
				5D1A3B2D247D32ED00D3FECD /* CustomExampleCell.swift in Sources */,
				5D301EF024794327004472CF /* PayViewController.swift in Sources */,
				5DC3F5B52478073F003A4AF1 /* SignupViewController.swift in Sources */,
				5D301EEC247942F9004472CF /* DepositViewController.swift in Sources */,
				5D301EF624794399004472CF /* SampleViewController.swift in Sources */,
				5DC3F5972477D555003A4AF1 /* ViewController.swift in Sources */,
				5D301EF8247943F9004472CF /* CustomInvoiceCell.swift in Sources */,
				5D301EFA24795468004472CF /* EditProfileViewController.swift in Sources */,
				5DC3F5932477D555003A4AF1 /* AppDelegate.swift in Sources */,
				5D301F062479760F004472CF /* CustomAccountCell.swift in Sources */,
				5DB91E1A248426D400A58E54 /* SampleItem.swift in Sources */,
				5DF6323D2481BF8D0043A2FD /* HistoryItem.swift in Sources */,
				5DB91E182483EA0100A58E54 /* UIViewControllerExtension.swift in Sources */,
				5DC3F5952477D555003A4AF1 /* SceneDelegate.swift in Sources */,
				5DC3F5AD247806E5003A4AF1 /* User.swift in Sources */,
				5D301EF22479434D004472CF /* DateChooseViewController.swift in Sources */,
				5D301F0A24798468004472CF /* OpenNewAccountViewController.swift in Sources */,
				5DC3F59D2477D555003A4AF1 /* ModulBankApp.xcdatamodeld in Sources */,
				5DDA5CEC24786B1900D5D912 /* PickerDelegates.swift in Sources */,
				5DC3F5B124780707003A4AF1 /* HomeViewController.swift in Sources */,
				5DC3F5B324780724003A4AF1 /* AcountViewController.swift in Sources */,
				5D301F082479808F004472CF /* ChooseSampleViewController.swift in Sources */,
				5DCCA6BC247F0EBC00A56E5B /* UserService.swift in Sources */,
				5DF6323B2481A7940043A2FD /* AccountDetailsViewController.swift in Sources */,
				5DC3F5B724780750003A4AF1 /* LoginViewController.swift in Sources */,
				5D301EF424794365004472CF /* InvoiceTableViewController.swift in Sources */,
				5DCCA6BE247F295A00A56E5B /* AccountService.swift in Sources */,
				5DC3F5AF247806F5003A4AF1 /* Account.swift in Sources */,
			);
			runOnlyForDeploymentPostprocessing = 0;
		};
/* End PBXSourcesBuildPhase section */

/* Begin PBXVariantGroup section */
		5DC3F5982477D555003A4AF1 /* Main.storyboard */ = {
			isa = PBXVariantGroup;
			children = (
				5DC3F5992477D555003A4AF1 /* Base */,
			);
			name = Main.storyboard;
			sourceTree = "<group>";
		};
		5DC3F5A02477D558003A4AF1 /* LaunchScreen.storyboard */ = {
			isa = PBXVariantGroup;
			children = (
				5DC3F5A12477D558003A4AF1 /* Base */,
			);
			name = LaunchScreen.storyboard;
			sourceTree = "<group>";
		};
/* End PBXVariantGroup section */

/* Begin XCBuildConfiguration section */
		5DC3F5A42477D558003A4AF1 /* Debug */ = {
			isa = XCBuildConfiguration;
			buildSettings = {
				ALWAYS_SEARCH_USER_PATHS = NO;
				CLANG_ANALYZER_NONNULL = YES;
				CLANG_ANALYZER_NUMBER_OBJECT_CONVERSION = YES_AGGRESSIVE;
				CLANG_CXX_LANGUAGE_STANDARD = "gnu++14";
				CLANG_CXX_LIBRARY = "libc++";
				CLANG_ENABLE_MODULES = YES;
				CLANG_ENABLE_OBJC_ARC = YES;
				CLANG_ENABLE_OBJC_WEAK = YES;
				CLANG_WARN_BLOCK_CAPTURE_AUTORELEASING = YES;
				CLANG_WARN_BOOL_CONVERSION = YES;
				CLANG_WARN_COMMA = YES;
				CLANG_WARN_CONSTANT_CONVERSION = YES;
				CLANG_WARN_DEPRECATED_OBJC_IMPLEMENTATIONS = YES;
				CLANG_WARN_DIRECT_OBJC_ISA_USAGE = YES_ERROR;
				CLANG_WARN_DOCUMENTATION_COMMENTS = YES;
				CLANG_WARN_EMPTY_BODY = YES;
				CLANG_WARN_ENUM_CONVERSION = YES;
				CLANG_WARN_INFINITE_RECURSION = YES;
				CLANG_WARN_INT_CONVERSION = YES;
				CLANG_WARN_NON_LITERAL_NULL_CONVERSION = YES;
				CLANG_WARN_OBJC_IMPLICIT_RETAIN_SELF = YES;
				CLANG_WARN_OBJC_LITERAL_CONVERSION = YES;
				CLANG_WARN_OBJC_ROOT_CLASS = YES_ERROR;
				CLANG_WARN_RANGE_LOOP_ANALYSIS = YES;
				CLANG_WARN_STRICT_PROTOTYPES = YES;
				CLANG_WARN_SUSPICIOUS_MOVE = YES;
				CLANG_WARN_UNGUARDED_AVAILABILITY = YES_AGGRESSIVE;
				CLANG_WARN_UNREACHABLE_CODE = YES;
				CLANG_WARN__DUPLICATE_METHOD_MATCH = YES;
				COPY_PHASE_STRIP = NO;
				DEBUG_INFORMATION_FORMAT = dwarf;
				ENABLE_STRICT_OBJC_MSGSEND = YES;
				ENABLE_TESTABILITY = YES;
				GCC_C_LANGUAGE_STANDARD = gnu11;
				GCC_DYNAMIC_NO_PIC = NO;
				GCC_NO_COMMON_BLOCKS = YES;
				GCC_OPTIMIZATION_LEVEL = 0;
				GCC_PREPROCESSOR_DEFINITIONS = (
					"DEBUG=1",
					"$(inherited)",
				);
				GCC_WARN_64_TO_32_BIT_CONVERSION = YES;
				GCC_WARN_ABOUT_RETURN_TYPE = YES_ERROR;
				GCC_WARN_UNDECLARED_SELECTOR = YES;
				GCC_WARN_UNINITIALIZED_AUTOS = YES_AGGRESSIVE;
				GCC_WARN_UNUSED_FUNCTION = YES;
				GCC_WARN_UNUSED_VARIABLE = YES;
				IPHONEOS_DEPLOYMENT_TARGET = 13.4;
				MTL_ENABLE_DEBUG_INFO = INCLUDE_SOURCE;
				MTL_FAST_MATH = YES;
				ONLY_ACTIVE_ARCH = YES;
				SDKROOT = iphoneos;
				SWIFT_ACTIVE_COMPILATION_CONDITIONS = DEBUG;
				SWIFT_OPTIMIZATION_LEVEL = "-Onone";
			};
			name = Debug;
		};
		5DC3F5A52477D558003A4AF1 /* Release */ = {
			isa = XCBuildConfiguration;
			buildSettings = {
				ALWAYS_SEARCH_USER_PATHS = NO;
				CLANG_ANALYZER_NONNULL = YES;
				CLANG_ANALYZER_NUMBER_OBJECT_CONVERSION = YES_AGGRESSIVE;
				CLANG_CXX_LANGUAGE_STANDARD = "gnu++14";
				CLANG_CXX_LIBRARY = "libc++";
				CLANG_ENABLE_MODULES = YES;
				CLANG_ENABLE_OBJC_ARC = YES;
				CLANG_ENABLE_OBJC_WEAK = YES;
				CLANG_WARN_BLOCK_CAPTURE_AUTORELEASING = YES;
				CLANG_WARN_BOOL_CONVERSION = YES;
				CLANG_WARN_COMMA = YES;
				CLANG_WARN_CONSTANT_CONVERSION = YES;
				CLANG_WARN_DEPRECATED_OBJC_IMPLEMENTATIONS = YES;
				CLANG_WARN_DIRECT_OBJC_ISA_USAGE = YES_ERROR;
				CLANG_WARN_DOCUMENTATION_COMMENTS = YES;
				CLANG_WARN_EMPTY_BODY = YES;
				CLANG_WARN_ENUM_CONVERSION = YES;
				CLANG_WARN_INFINITE_RECURSION = YES;
				CLANG_WARN_INT_CONVERSION = YES;
				CLANG_WARN_NON_LITERAL_NULL_CONVERSION = YES;
				CLANG_WARN_OBJC_IMPLICIT_RETAIN_SELF = YES;
				CLANG_WARN_OBJC_LITERAL_CONVERSION = YES;
				CLANG_WARN_OBJC_ROOT_CLASS = YES_ERROR;
				CLANG_WARN_RANGE_LOOP_ANALYSIS = YES;
				CLANG_WARN_STRICT_PROTOTYPES = YES;
				CLANG_WARN_SUSPICIOUS_MOVE = YES;
				CLANG_WARN_UNGUARDED_AVAILABILITY = YES_AGGRESSIVE;
				CLANG_WARN_UNREACHABLE_CODE = YES;
				CLANG_WARN__DUPLICATE_METHOD_MATCH = YES;
				COPY_PHASE_STRIP = NO;
				DEBUG_INFORMATION_FORMAT = "dwarf-with-dsym";
				ENABLE_NS_ASSERTIONS = NO;
				ENABLE_STRICT_OBJC_MSGSEND = YES;
				GCC_C_LANGUAGE_STANDARD = gnu11;
				GCC_NO_COMMON_BLOCKS = YES;
				GCC_WARN_64_TO_32_BIT_CONVERSION = YES;
				GCC_WARN_ABOUT_RETURN_TYPE = YES_ERROR;
				GCC_WARN_UNDECLARED_SELECTOR = YES;
				GCC_WARN_UNINITIALIZED_AUTOS = YES_AGGRESSIVE;
				GCC_WARN_UNUSED_FUNCTION = YES;
				GCC_WARN_UNUSED_VARIABLE = YES;
				IPHONEOS_DEPLOYMENT_TARGET = 13.4;
				MTL_ENABLE_DEBUG_INFO = NO;
				MTL_FAST_MATH = YES;
				SDKROOT = iphoneos;
				SWIFT_COMPILATION_MODE = wholemodule;
				SWIFT_OPTIMIZATION_LEVEL = "-O";
				VALIDATE_PRODUCT = YES;
			};
			name = Release;
		};
		5DC3F5A72477D558003A4AF1 /* Debug */ = {
			isa = XCBuildConfiguration;
			baseConfigurationReference = 632A01C7326476F242F5A8A8 /* Pods-ModulBankApp.debug.xcconfig */;
			buildSettings = {
				ASSETCATALOG_COMPILER_APPICON_NAME = AppIcon;
				CODE_SIGN_STYLE = Automatic;
				DEVELOPMENT_TEAM = F97R65KMAU;
				INFOPLIST_FILE = ModulBankApp/Info.plist;
				LD_RUNPATH_SEARCH_PATHS = (
					"$(inherited)",
					"@executable_path/Frameworks",
				);
				PRODUCT_BUNDLE_IDENTIFIER = com.annamelkhova.ModulBankApp;
				PRODUCT_NAME = "$(TARGET_NAME)";
				SWIFT_VERSION = 5.0;
				TARGETED_DEVICE_FAMILY = 1;
			};
			name = Debug;
		};
		5DC3F5A82477D558003A4AF1 /* Release */ = {
			isa = XCBuildConfiguration;
			baseConfigurationReference = B02D29B4FAAC59AF8B335EE5 /* Pods-ModulBankApp.release.xcconfig */;
			buildSettings = {
				ASSETCATALOG_COMPILER_APPICON_NAME = AppIcon;
				CODE_SIGN_STYLE = Automatic;
				DEVELOPMENT_TEAM = F97R65KMAU;
				INFOPLIST_FILE = ModulBankApp/Info.plist;
				LD_RUNPATH_SEARCH_PATHS = (
					"$(inherited)",
					"@executable_path/Frameworks",
				);
				PRODUCT_BUNDLE_IDENTIFIER = com.annamelkhova.ModulBankApp;
				PRODUCT_NAME = "$(TARGET_NAME)";
				SWIFT_VERSION = 5.0;
				TARGETED_DEVICE_FAMILY = 1;
			};
			name = Release;
		};
/* End XCBuildConfiguration section */

/* Begin XCConfigurationList section */
		5DC3F58A2477D555003A4AF1 /* Build configuration list for PBXProject "ModulBankApp" */ = {
			isa = XCConfigurationList;
			buildConfigurations = (
				5DC3F5A42477D558003A4AF1 /* Debug */,
				5DC3F5A52477D558003A4AF1 /* Release */,
			);
			defaultConfigurationIsVisible = 0;
			defaultConfigurationName = Release;
		};
		5DC3F5A62477D558003A4AF1 /* Build configuration list for PBXNativeTarget "ModulBankApp" */ = {
			isa = XCConfigurationList;
			buildConfigurations = (
				5DC3F5A72477D558003A4AF1 /* Debug */,
				5DC3F5A82477D558003A4AF1 /* Release */,
			);
			defaultConfigurationIsVisible = 0;
			defaultConfigurationName = Release;
		};
/* End XCConfigurationList section */

/* Begin XCVersionGroup section */
		5DC3F59B2477D555003A4AF1 /* ModulBankApp.xcdatamodeld */ = {
			isa = XCVersionGroup;
			children = (
				5DC3F59C2477D555003A4AF1 /* ModulBankApp.xcdatamodel */,
			);
			currentVersion = 5DC3F59C2477D555003A4AF1 /* ModulBankApp.xcdatamodel */;
			path = ModulBankApp.xcdatamodeld;
			sourceTree = "<group>";
			versionGroupType = wrapper.xcdatamodel;
		};
/* End XCVersionGroup section */
	};
	rootObject = 5DC3F5872477D555003A4AF1 /* Project object */;
}
